
Microsoft Visual Studio Solution File, Format Version 12.00
# Visual Studio Version 16
VisualStudioVersion = 16.0.31729.503
MinimumVisualStudioVersion = 10.0.40219.1
Project("{FAE04EC0-301F-11D3-BF4B-00C04F79EFBC}") = "2022-02-23 - csharp v2", "2022-02-23 - csharp v2\2022-02-23 - csharp v2.csproj", "{6E820E3C-3CC8-422F-8164-50DE191BD7DE}"
EndProject
Global
	GlobalSection(SolutionConfigurationPlatforms) = preSolution
		Debug|Any CPU = Debug|Any CPU
		Release|Any CPU = Release|Any CPU
	EndGlobalSection
	GlobalSection(ProjectConfigurationPlatforms) = postSolution
		{6E820E3C-3CC8-422F-8164-50DE191BD7DE}.Debug|Any CPU.ActiveCfg = Debug|Any CPU
		{6E820E3C-3CC8-422F-8164-50DE191BD7DE}.Debug|Any CPU.Build.0 = Debug|Any CPU
		{6E820E3C-3CC8-422F-8164-50DE191BD7DE}.Release|Any CPU.ActiveCfg = Release|Any CPU
		{6E820E3C-3CC8-422F-8164-50DE191BD7DE}.Release|Any CPU.Build.0 = Release|Any CPU
	EndGlobalSection
	GlobalSection(SolutionProperties) = preSolution
		HideSolutionNode = FALSE
	EndGlobalSection
	GlobalSection(ExtensibilityGlobals) = postSolution
		SolutionGuid = {CAC51346-57B3-49CA-A529-4C8C8FEA528E}
	EndGlobalSection
EndGlobal
